// !$*UTF8*$!
{
	archiveVersion = 1;
	classes = {
	};
	objectVersion = 48;
	objects = {

/* Begin PBXBuildFile section */
		98F8EB1A1F99EF0400C9965C /* GCDAsyncSocket.h in Headers */ = {isa = PBXBuildFile; fileRef = 98F8EAFB1F99EF0200C9965C /* GCDAsyncSocket.h */; settings = {ATTRIBUTES = (Public, ); }; };
		98F8EB1B1F99EF0400C9965C /* F53OSCTimeTag.h in Headers */ = {isa = PBXBuildFile; fileRef = 98F8EAFC1F99EF0200C9965C /* F53OSCTimeTag.h */; settings = {ATTRIBUTES = (Public, ); }; };
		98F8EB1C1F99EF0400C9965C /* NSData+F53OSCBlob.m in Sources */ = {isa = PBXBuildFile; fileRef = 98F8EAFD1F99EF0200C9965C /* NSData+F53OSCBlob.m */; };
		98F8EB1D1F99EF0400C9965C /* NSNumber+F53OSCNumber.m in Sources */ = {isa = PBXBuildFile; fileRef = 98F8EAFE1F99EF0200C9965C /* NSNumber+F53OSCNumber.m */; };
		98F8EB1E1F99EF0400C9965C /* F53OSCParser.h in Headers */ = {isa = PBXBuildFile; fileRef = 98F8EAFF1F99EF0200C9965C /* F53OSCParser.h */; settings = {ATTRIBUTES = (Public, ); }; };
		98F8EB1F1F99EF0400C9965C /* GCDAsyncSocket.m in Sources */ = {isa = PBXBuildFile; fileRef = 98F8EB001F99EF0200C9965C /* GCDAsyncSocket.m */; };
		98F8EB201F99EF0400C9965C /* F53OSCPacket.h in Headers */ = {isa = PBXBuildFile; fileRef = 98F8EB011F99EF0200C9965C /* F53OSCPacket.h */; settings = {ATTRIBUTES = (Public, ); }; };
		98F8EB211F99EF0400C9965C /* F53OSCServer.m in Sources */ = {isa = PBXBuildFile; fileRef = 98F8EB021F99EF0200C9965C /* F53OSCServer.m */; };
		98F8EB221F99EF0400C9965C /* F53OSCSocket.m in Sources */ = {isa = PBXBuildFile; fileRef = 98F8EB031F99EF0200C9965C /* F53OSCSocket.m */; };
		98F8EB231F99EF0400C9965C /* F53OSCBundle.h in Headers */ = {isa = PBXBuildFile; fileRef = 98F8EB041F99EF0200C9965C /* F53OSCBundle.h */; settings = {ATTRIBUTES = (Public, ); }; };
		98F8EB241F99EF0400C9965C /* F53OSCServer.h in Headers */ = {isa = PBXBuildFile; fileRef = 98F8EB051F99EF0200C9965C /* F53OSCServer.h */; settings = {ATTRIBUTES = (Public, ); }; };
		98F8EB251F99EF0400C9965C /* F53OSC.h in Headers */ = {isa = PBXBuildFile; fileRef = 98F8EB061F99EF0200C9965C /* F53OSC.h */; settings = {ATTRIBUTES = (Public, ); }; };
		98F8EB261F99EF0400C9965C /* NSNumber+F53OSCNumber.h in Headers */ = {isa = PBXBuildFile; fileRef = 98F8EB071F99EF0200C9965C /* NSNumber+F53OSCNumber.h */; settings = {ATTRIBUTES = (Public, ); }; };
		98F8EB271F99EF0400C9965C /* NSString+F53OSCString.m in Sources */ = {isa = PBXBuildFile; fileRef = 98F8EB081F99EF0200C9965C /* NSString+F53OSCString.m */; };
		98F8EB281F99EF0400C9965C /* NSData+F53OSCBlob.h in Headers */ = {isa = PBXBuildFile; fileRef = 98F8EB091F99EF0200C9965C /* NSData+F53OSCBlob.h */; settings = {ATTRIBUTES = (Public, ); }; };
		98F8EB291F99EF0400C9965C /* F53OSCFoundationAdditions.h in Headers */ = {isa = PBXBuildFile; fileRef = 98F8EB0A1F99EF0200C9965C /* F53OSCFoundationAdditions.h */; settings = {ATTRIBUTES = (Public, ); }; };
		98F8EB2A1F99EF0400C9965C /* F53OSCSocket.h in Headers */ = {isa = PBXBuildFile; fileRef = 98F8EB0B1F99EF0300C9965C /* F53OSCSocket.h */; settings = {ATTRIBUTES = (Public, ); }; };
		98F8EB2B1F99EF0400C9965C /* GCDAsyncUdpSocket.h in Headers */ = {isa = PBXBuildFile; fileRef = 98F8EB0C1F99EF0300C9965C /* GCDAsyncUdpSocket.h */; settings = {ATTRIBUTES = (Public, ); }; };
		98F8EB2C1F99EF0400C9965C /* NSDate+F53OSCTimeTag.m in Sources */ = {isa = PBXBuildFile; fileRef = 98F8EB0D1F99EF0300C9965C /* NSDate+F53OSCTimeTag.m */; };
		98F8EB2D1F99EF0400C9965C /* NSString+F53OSCString.h in Headers */ = {isa = PBXBuildFile; fileRef = 98F8EB0E1F99EF0300C9965C /* NSString+F53OSCString.h */; settings = {ATTRIBUTES = (Public, ); }; };
		98F8EB2E1F99EF0400C9965C /* F53OSCBundle.m in Sources */ = {isa = PBXBuildFile; fileRef = 98F8EB0F1F99EF0300C9965C /* F53OSCBundle.m */; };
		98F8EB2F1F99EF0400C9965C /* F53OSCClient.h in Headers */ = {isa = PBXBuildFile; fileRef = 98F8EB101F99EF0300C9965C /* F53OSCClient.h */; settings = {ATTRIBUTES = (Public, ); }; };
		98F8EB301F99EF0400C9965C /* F53OSCMessage.m in Sources */ = {isa = PBXBuildFile; fileRef = 98F8EB111F99EF0300C9965C /* F53OSCMessage.m */; };
		98F8EB311F99EF0400C9965C /* F53OSCParser.m in Sources */ = {isa = PBXBuildFile; fileRef = 98F8EB121F99EF0300C9965C /* F53OSCParser.m */; };
		98F8EB321F99EF0400C9965C /* GCDAsyncUdpSocket.m in Sources */ = {isa = PBXBuildFile; fileRef = 98F8EB131F99EF0300C9965C /* GCDAsyncUdpSocket.m */; };
		98F8EB331F99EF0400C9965C /* F53OSCPacket.m in Sources */ = {isa = PBXBuildFile; fileRef = 98F8EB141F99EF0300C9965C /* F53OSCPacket.m */; };
		98F8EB341F99EF0400C9965C /* F53OSCProtocols.h in Headers */ = {isa = PBXBuildFile; fileRef = 98F8EB151F99EF0300C9965C /* F53OSCProtocols.h */; settings = {ATTRIBUTES = (Public, ); }; };
		98F8EB351F99EF0400C9965C /* F53OSCClient.m in Sources */ = {isa = PBXBuildFile; fileRef = 98F8EB161F99EF0300C9965C /* F53OSCClient.m */; };
		98F8EB361F99EF0400C9965C /* F53OSCMessage.h in Headers */ = {isa = PBXBuildFile; fileRef = 98F8EB171F99EF0400C9965C /* F53OSCMessage.h */; settings = {ATTRIBUTES = (Public, ); }; };
		98F8EB371F99EF0400C9965C /* NSDate+F53OSCTimeTag.h in Headers */ = {isa = PBXBuildFile; fileRef = 98F8EB181F99EF0400C9965C /* NSDate+F53OSCTimeTag.h */; settings = {ATTRIBUTES = (Public, ); }; };
		98F8EB381F99EF0400C9965C /* F53OSCTimeTag.m in Sources */ = {isa = PBXBuildFile; fileRef = 98F8EB191F99EF0400C9965C /* F53OSCTimeTag.m */; };
/* End PBXBuildFile section */

/* Begin PBXFileReference section */
		980D256D1F99D94100AC51A9 /* F53OSC.framework */ = {isa = PBXFileReference; explicitFileType = wrapper.framework; includeInIndex = 0; path = F53OSC.framework; sourceTree = BUILT_PRODUCTS_DIR; };
		980D25711F99D94100AC51A9 /* Info.plist */ = {isa = PBXFileReference; lastKnownFileType = text.plist.xml; path = Info.plist; sourceTree = "<group>"; };
		980D26201F99E35800AC51A9 /* Foundation.framework */ = {isa = PBXFileReference; lastKnownFileType = wrapper.framework; name = Foundation.framework; path = System/Library/Frameworks/Foundation.framework; sourceTree = SDKROOT; };
		98F8EAFB1F99EF0200C9965C /* GCDAsyncSocket.h */ = {isa = PBXFileReference; fileEncoding = 4; lastKnownFileType = sourcecode.c.h; name = GCDAsyncSocket.h; path = ../GCDAsyncSocket.h; sourceTree = "<group>"; };
		98F8EAFC1F99EF0200C9965C /* F53OSCTimeTag.h */ = {isa = PBXFileReference; fileEncoding = 4; lastKnownFileType = sourcecode.c.h; name = F53OSCTimeTag.h; path = ../F53OSCTimeTag.h; sourceTree = "<group>"; };
		98F8EAFD1F99EF0200C9965C /* NSData+F53OSCBlob.m */ = {isa = PBXFileReference; fileEncoding = 4; lastKnownFileType = sourcecode.c.objc; name = "NSData+F53OSCBlob.m"; path = "../NSData+F53OSCBlob.m"; sourceTree = "<group>"; };
		98F8EAFE1F99EF0200C9965C /* NSNumber+F53OSCNumber.m */ = {isa = PBXFileReference; fileEncoding = 4; lastKnownFileType = sourcecode.c.objc; name = "NSNumber+F53OSCNumber.m"; path = "../NSNumber+F53OSCNumber.m"; sourceTree = "<group>"; };
		98F8EAFF1F99EF0200C9965C /* F53OSCParser.h */ = {isa = PBXFileReference; fileEncoding = 4; lastKnownFileType = sourcecode.c.h; name = F53OSCParser.h; path = ../F53OSCParser.h; sourceTree = "<group>"; };
		98F8EB001F99EF0200C9965C /* GCDAsyncSocket.m */ = {isa = PBXFileReference; fileEncoding = 4; lastKnownFileType = sourcecode.c.objc; name = GCDAsyncSocket.m; path = ../GCDAsyncSocket.m; sourceTree = "<group>"; };
		98F8EB011F99EF0200C9965C /* F53OSCPacket.h */ = {isa = PBXFileReference; fileEncoding = 4; lastKnownFileType = sourcecode.c.h; name = F53OSCPacket.h; path = ../F53OSCPacket.h; sourceTree = "<group>"; };
		98F8EB021F99EF0200C9965C /* F53OSCServer.m */ = {isa = PBXFileReference; fileEncoding = 4; lastKnownFileType = sourcecode.c.objc; name = F53OSCServer.m; path = ../F53OSCServer.m; sourceTree = "<group>"; };
		98F8EB031F99EF0200C9965C /* F53OSCSocket.m */ = {isa = PBXFileReference; fileEncoding = 4; lastKnownFileType = sourcecode.c.objc; name = F53OSCSocket.m; path = ../F53OSCSocket.m; sourceTree = "<group>"; };
		98F8EB041F99EF0200C9965C /* F53OSCBundle.h */ = {isa = PBXFileReference; fileEncoding = 4; lastKnownFileType = sourcecode.c.h; name = F53OSCBundle.h; path = ../F53OSCBundle.h; sourceTree = "<group>"; };
		98F8EB051F99EF0200C9965C /* F53OSCServer.h */ = {isa = PBXFileReference; fileEncoding = 4; lastKnownFileType = sourcecode.c.h; name = F53OSCServer.h; path = ../F53OSCServer.h; sourceTree = "<group>"; };
		98F8EB061F99EF0200C9965C /* F53OSC.h */ = {isa = PBXFileReference; fileEncoding = 4; lastKnownFileType = sourcecode.c.h; name = F53OSC.h; path = ../F53OSC.h; sourceTree = "<group>"; };
		98F8EB071F99EF0200C9965C /* NSNumber+F53OSCNumber.h */ = {isa = PBXFileReference; fileEncoding = 4; lastKnownFileType = sourcecode.c.h; name = "NSNumber+F53OSCNumber.h"; path = "../NSNumber+F53OSCNumber.h"; sourceTree = "<group>"; };
		98F8EB081F99EF0200C9965C /* NSString+F53OSCString.m */ = {isa = PBXFileReference; fileEncoding = 4; lastKnownFileType = sourcecode.c.objc; name = "NSString+F53OSCString.m"; path = "../NSString+F53OSCString.m"; sourceTree = "<group>"; };
		98F8EB091F99EF0200C9965C /* NSData+F53OSCBlob.h */ = {isa = PBXFileReference; fileEncoding = 4; lastKnownFileType = sourcecode.c.h; name = "NSData+F53OSCBlob.h"; path = "../NSData+F53OSCBlob.h"; sourceTree = "<group>"; };
		98F8EB0A1F99EF0200C9965C /* F53OSCFoundationAdditions.h */ = {isa = PBXFileReference; fileEncoding = 4; lastKnownFileType = sourcecode.c.h; name = F53OSCFoundationAdditions.h; path = ../F53OSCFoundationAdditions.h; sourceTree = "<group>"; };
		98F8EB0B1F99EF0300C9965C /* F53OSCSocket.h */ = {isa = PBXFileReference; fileEncoding = 4; lastKnownFileType = sourcecode.c.h; name = F53OSCSocket.h; path = ../F53OSCSocket.h; sourceTree = "<group>"; };
		98F8EB0C1F99EF0300C9965C /* GCDAsyncUdpSocket.h */ = {isa = PBXFileReference; fileEncoding = 4; lastKnownFileType = sourcecode.c.h; name = GCDAsyncUdpSocket.h; path = ../GCDAsyncUdpSocket.h; sourceTree = "<group>"; };
		98F8EB0D1F99EF0300C9965C /* NSDate+F53OSCTimeTag.m */ = {isa = PBXFileReference; fileEncoding = 4; lastKnownFileType = sourcecode.c.objc; name = "NSDate+F53OSCTimeTag.m"; path = "../NSDate+F53OSCTimeTag.m"; sourceTree = "<group>"; };
		98F8EB0E1F99EF0300C9965C /* NSString+F53OSCString.h */ = {isa = PBXFileReference; fileEncoding = 4; lastKnownFileType = sourcecode.c.h; name = "NSString+F53OSCString.h"; path = "../NSString+F53OSCString.h"; sourceTree = "<group>"; };
		98F8EB0F1F99EF0300C9965C /* F53OSCBundle.m */ = {isa = PBXFileReference; fileEncoding = 4; lastKnownFileType = sourcecode.c.objc; name = F53OSCBundle.m; path = ../F53OSCBundle.m; sourceTree = "<group>"; };
		98F8EB101F99EF0300C9965C /* F53OSCClient.h */ = {isa = PBXFileReference; fileEncoding = 4; lastKnownFileType = sourcecode.c.h; name = F53OSCClient.h; path = ../F53OSCClient.h; sourceTree = "<group>"; };
		98F8EB111F99EF0300C9965C /* F53OSCMessage.m */ = {isa = PBXFileReference; fileEncoding = 4; lastKnownFileType = sourcecode.c.objc; name = F53OSCMessage.m; path = ../F53OSCMessage.m; sourceTree = "<group>"; };
		98F8EB121F99EF0300C9965C /* F53OSCParser.m */ = {isa = PBXFileReference; fileEncoding = 4; lastKnownFileType = sourcecode.c.objc; name = F53OSCParser.m; path = ../F53OSCParser.m; sourceTree = "<group>"; };
		98F8EB131F99EF0300C9965C /* GCDAsyncUdpSocket.m */ = {isa = PBXFileReference; fileEncoding = 4; lastKnownFileType = sourcecode.c.objc; name = GCDAsyncUdpSocket.m; path = ../GCDAsyncUdpSocket.m; sourceTree = "<group>"; };
		98F8EB141F99EF0300C9965C /* F53OSCPacket.m */ = {isa = PBXFileReference; fileEncoding = 4; lastKnownFileType = sourcecode.c.objc; name = F53OSCPacket.m; path = ../F53OSCPacket.m; sourceTree = "<group>"; };
		98F8EB151F99EF0300C9965C /* F53OSCProtocols.h */ = {isa = PBXFileReference; fileEncoding = 4; lastKnownFileType = sourcecode.c.h; name = F53OSCProtocols.h; path = ../F53OSCProtocols.h; sourceTree = "<group>"; };
		98F8EB161F99EF0300C9965C /* F53OSCClient.m */ = {isa = PBXFileReference; fileEncoding = 4; lastKnownFileType = sourcecode.c.objc; name = F53OSCClient.m; path = ../F53OSCClient.m; sourceTree = "<group>"; };
		98F8EB171F99EF0400C9965C /* F53OSCMessage.h */ = {isa = PBXFileReference; fileEncoding = 4; lastKnownFileType = sourcecode.c.h; name = F53OSCMessage.h; path = ../F53OSCMessage.h; sourceTree = "<group>"; };
		98F8EB181F99EF0400C9965C /* NSDate+F53OSCTimeTag.h */ = {isa = PBXFileReference; fileEncoding = 4; lastKnownFileType = sourcecode.c.h; name = "NSDate+F53OSCTimeTag.h"; path = "../NSDate+F53OSCTimeTag.h"; sourceTree = "<group>"; };
		98F8EB191F99EF0400C9965C /* F53OSCTimeTag.m */ = {isa = PBXFileReference; fileEncoding = 4; lastKnownFileType = sourcecode.c.objc; name = F53OSCTimeTag.m; path = ../F53OSCTimeTag.m; sourceTree = "<group>"; };
/* End PBXFileReference section */

/* Begin PBXFrameworksBuildPhase section */
		980D25691F99D94100AC51A9 /* Frameworks */ = {
			isa = PBXFrameworksBuildPhase;
			buildActionMask = 2147483647;
			files = (
			);
			runOnlyForDeploymentPostprocessing = 0;
		};
/* End PBXFrameworksBuildPhase section */

/* Begin PBXGroup section */
		980D25631F99D94100AC51A9 = {
			isa = PBXGroup;
			children = (
				98F8EAFA1F99EEE900C9965C /* F53OSC */,
				980D256F1F99D94100AC51A9 /* F53OSC Framework */,
				980D256E1F99D94100AC51A9 /* Products */,
				980D25B91F99DC1000AC51A9 /* Frameworks */,
			);
			sourceTree = "<group>";
		};
		980D256E1F99D94100AC51A9 /* Products */ = {
			isa = PBXGroup;
			children = (
				980D256D1F99D94100AC51A9 /* F53OSC.framework */,
			);
			name = Products;
			sourceTree = "<group>";
		};
		980D256F1F99D94100AC51A9 /* F53OSC Framework */ = {
			isa = PBXGroup;
			children = (
				980D25711F99D94100AC51A9 /* Info.plist */,
			);
			path = "F53OSC Framework";
			sourceTree = "<group>";
		};
		980D25B91F99DC1000AC51A9 /* Frameworks */ = {
			isa = PBXGroup;
			children = (
				980D26201F99E35800AC51A9 /* Foundation.framework */,
			);
			name = Frameworks;
			sourceTree = "<group>";
		};
		98F8EAFA1F99EEE900C9965C /* F53OSC */ = {
			isa = PBXGroup;
			children = (
				98F8EB061F99EF0200C9965C /* F53OSC.h */,
				98F8EB041F99EF0200C9965C /* F53OSCBundle.h */,
				98F8EB0F1F99EF0300C9965C /* F53OSCBundle.m */,
				98F8EB101F99EF0300C9965C /* F53OSCClient.h */,
				98F8EB161F99EF0300C9965C /* F53OSCClient.m */,
				98F8EB0A1F99EF0200C9965C /* F53OSCFoundationAdditions.h */,
				98F8EB171F99EF0400C9965C /* F53OSCMessage.h */,
				98F8EB111F99EF0300C9965C /* F53OSCMessage.m */,
				98F8EB011F99EF0200C9965C /* F53OSCPacket.h */,
				98F8EB141F99EF0300C9965C /* F53OSCPacket.m */,
				98F8EAFF1F99EF0200C9965C /* F53OSCParser.h */,
				98F8EB121F99EF0300C9965C /* F53OSCParser.m */,
				98F8EB151F99EF0300C9965C /* F53OSCProtocols.h */,
				98F8EB051F99EF0200C9965C /* F53OSCServer.h */,
				98F8EB021F99EF0200C9965C /* F53OSCServer.m */,
				98F8EB0B1F99EF0300C9965C /* F53OSCSocket.h */,
				98F8EB031F99EF0200C9965C /* F53OSCSocket.m */,
				98F8EAFC1F99EF0200C9965C /* F53OSCTimeTag.h */,
				98F8EB191F99EF0400C9965C /* F53OSCTimeTag.m */,
				98F8EAFB1F99EF0200C9965C /* GCDAsyncSocket.h */,
				98F8EB001F99EF0200C9965C /* GCDAsyncSocket.m */,
				98F8EB0C1F99EF0300C9965C /* GCDAsyncUdpSocket.h */,
				98F8EB131F99EF0300C9965C /* GCDAsyncUdpSocket.m */,
				98F8EB091F99EF0200C9965C /* NSData+F53OSCBlob.h */,
				98F8EAFD1F99EF0200C9965C /* NSData+F53OSCBlob.m */,
				98F8EB181F99EF0400C9965C /* NSDate+F53OSCTimeTag.h */,
				98F8EB0D1F99EF0300C9965C /* NSDate+F53OSCTimeTag.m */,
				98F8EB071F99EF0200C9965C /* NSNumber+F53OSCNumber.h */,
				98F8EAFE1F99EF0200C9965C /* NSNumber+F53OSCNumber.m */,
				98F8EB0E1F99EF0300C9965C /* NSString+F53OSCString.h */,
				98F8EB081F99EF0200C9965C /* NSString+F53OSCString.m */,
			);
			name = F53OSC;
			sourceTree = "<group>";
		};
/* End PBXGroup section */

/* Begin PBXHeadersBuildPhase section */
		980D256A1F99D94100AC51A9 /* Headers */ = {
			isa = PBXHeadersBuildPhase;
			buildActionMask = 2147483647;
			files = (
				98F8EB2A1F99EF0400C9965C /* F53OSCSocket.h in Headers */,
				98F8EB1E1F99EF0400C9965C /* F53OSCParser.h in Headers */,
				98F8EB251F99EF0400C9965C /* F53OSC.h in Headers */,
				98F8EB2B1F99EF0400C9965C /* GCDAsyncUdpSocket.h in Headers */,
				98F8EB241F99EF0400C9965C /* F53OSCServer.h in Headers */,
				98F8EB281F99EF0400C9965C /* NSData+F53OSCBlob.h in Headers */,
				98F8EB2D1F99EF0400C9965C /* NSString+F53OSCString.h in Headers */,
				98F8EB231F99EF0400C9965C /* F53OSCBundle.h in Headers */,
				98F8EB2F1F99EF0400C9965C /* F53OSCClient.h in Headers */,
				98F8EB361F99EF0400C9965C /* F53OSCMessage.h in Headers */,
				98F8EB291F99EF0400C9965C /* F53OSCFoundationAdditions.h in Headers */,
				98F8EB1B1F99EF0400C9965C /* F53OSCTimeTag.h in Headers */,
				98F8EB261F99EF0400C9965C /* NSNumber+F53OSCNumber.h in Headers */,
				98F8EB1A1F99EF0400C9965C /* GCDAsyncSocket.h in Headers */,
				98F8EB201F99EF0400C9965C /* F53OSCPacket.h in Headers */,
				98F8EB371F99EF0400C9965C /* NSDate+F53OSCTimeTag.h in Headers */,
				98F8EB341F99EF0400C9965C /* F53OSCProtocols.h in Headers */,
			);
			runOnlyForDeploymentPostprocessing = 0;
		};
/* End PBXHeadersBuildPhase section */

/* Begin PBXNativeTarget section */
		980D256C1F99D94100AC51A9 /* F53OSC */ = {
			isa = PBXNativeTarget;
			buildConfigurationList = 980D25751F99D94100AC51A9 /* Build configuration list for PBXNativeTarget "F53OSC" */;
			buildPhases = (
				980D25681F99D94100AC51A9 /* Sources */,
				980D25691F99D94100AC51A9 /* Frameworks */,
				980D256A1F99D94100AC51A9 /* Headers */,
				980D256B1F99D94100AC51A9 /* Resources */,
			);
			buildRules = (
			);
			dependencies = (
			);
			name = F53OSC;
			productName = "F53OSC Framework";
			productReference = 980D256D1F99D94100AC51A9 /* F53OSC.framework */;
			productType = "com.apple.product-type.framework";
		};
/* End PBXNativeTarget section */

/* Begin PBXProject section */
		980D25641F99D94100AC51A9 /* Project object */ = {
			isa = PBXProject;
			attributes = {
				LastUpgradeCheck = 0900;
				TargetAttributes = {
					980D256C1F99D94100AC51A9 = {
						CreatedOnToolsVersion = 9.0.1;
						ProvisioningStyle = Automatic;
					};
				};
			};
			buildConfigurationList = 980D25671F99D94100AC51A9 /* Build configuration list for PBXProject "F53OSC Framework" */;
			compatibilityVersion = "Xcode 8.0";
			developmentRegion = en;
			hasScannedForEncodings = 0;
			knownRegions = (
				en,
			);
			mainGroup = 980D25631F99D94100AC51A9;
			productRefGroup = 980D256E1F99D94100AC51A9 /* Products */;
			projectDirPath = "";
			projectRoot = "";
			targets = (
				980D256C1F99D94100AC51A9 /* F53OSC */,
			);
		};
/* End PBXProject section */

/* Begin PBXResourcesBuildPhase section */
		980D256B1F99D94100AC51A9 /* Resources */ = {
			isa = PBXResourcesBuildPhase;
			buildActionMask = 2147483647;
			files = (
			);
			runOnlyForDeploymentPostprocessing = 0;
		};
/* End PBXResourcesBuildPhase section */

/* Begin PBXSourcesBuildPhase section */
		980D25681F99D94100AC51A9 /* Sources */ = {
			isa = PBXSourcesBuildPhase;
			buildActionMask = 2147483647;
			files = (
				98F8EB2C1F99EF0400C9965C /* NSDate+F53OSCTimeTag.m in Sources */,
				98F8EB321F99EF0400C9965C /* GCDAsyncUdpSocket.m in Sources */,
				98F8EB1F1F99EF0400C9965C /* GCDAsyncSocket.m in Sources */,
				98F8EB271F99EF0400C9965C /* NSString+F53OSCString.m in Sources */,
				98F8EB331F99EF0400C9965C /* F53OSCPacket.m in Sources */,
				98F8EB221F99EF0400C9965C /* F53OSCSocket.m in Sources */,
				98F8EB1C1F99EF0400C9965C /* NSData+F53OSCBlob.m in Sources */,
				98F8EB351F99EF0400C9965C /* F53OSCClient.m in Sources */,
				98F8EB1D1F99EF0400C9965C /* NSNumber+F53OSCNumber.m in Sources */,
				98F8EB2E1F99EF0400C9965C /* F53OSCBundle.m in Sources */,
				98F8EB301F99EF0400C9965C /* F53OSCMessage.m in Sources */,
				98F8EB211F99EF0400C9965C /* F53OSCServer.m in Sources */,
				98F8EB381F99EF0400C9965C /* F53OSCTimeTag.m in Sources */,
				98F8EB311F99EF0400C9965C /* F53OSCParser.m in Sources */,
			);
			runOnlyForDeploymentPostprocessing = 0;
		};
/* End PBXSourcesBuildPhase section */

/* Begin XCBuildConfiguration section */
		980D25731F99D94100AC51A9 /* Debug */ = {
			isa = XCBuildConfiguration;
			buildSettings = {
				ALWAYS_SEARCH_USER_PATHS = NO;
				CLANG_ANALYZER_NONNULL = YES;
				CLANG_ANALYZER_NUMBER_OBJECT_CONVERSION = YES_AGGRESSIVE;
				CLANG_CXX_LANGUAGE_STANDARD = "gnu++14";
				CLANG_CXX_LIBRARY = "libc++";
				CLANG_ENABLE_MODULES = YES;
				CLANG_ENABLE_OBJC_ARC = YES;
				CLANG_WARN_BLOCK_CAPTURE_AUTORELEASING = YES;
				CLANG_WARN_BOOL_CONVERSION = YES;
				CLANG_WARN_COMMA = YES;
				CLANG_WARN_CONSTANT_CONVERSION = YES;
				CLANG_WARN_DIRECT_OBJC_ISA_USAGE = YES_ERROR;
				CLANG_WARN_DOCUMENTATION_COMMENTS = YES;
				CLANG_WARN_EMPTY_BODY = YES;
				CLANG_WARN_ENUM_CONVERSION = YES;
				CLANG_WARN_INFINITE_RECURSION = YES;
				CLANG_WARN_INT_CONVERSION = YES;
				CLANG_WARN_NON_LITERAL_NULL_CONVERSION = YES;
				CLANG_WARN_OBJC_LITERAL_CONVERSION = YES;
				CLANG_WARN_OBJC_ROOT_CLASS = YES_ERROR;
				CLANG_WARN_RANGE_LOOP_ANALYSIS = YES;
				CLANG_WARN_STRICT_PROTOTYPES = YES;
				CLANG_WARN_SUSPICIOUS_MOVE = YES;
				CLANG_WARN_UNGUARDED_AVAILABILITY = YES_AGGRESSIVE;
				CLANG_WARN_UNREACHABLE_CODE = YES;
				CLANG_WARN__DUPLICATE_METHOD_MATCH = YES;
				CODE_SIGN_IDENTITY = "iPhone Developer";
				COPY_PHASE_STRIP = NO;
				CURRENT_PROJECT_VERSION = 1;
				DEBUG_INFORMATION_FORMAT = dwarf;
				ENABLE_STRICT_OBJC_MSGSEND = YES;
				ENABLE_TESTABILITY = YES;
				GCC_C_LANGUAGE_STANDARD = gnu11;
				GCC_DYNAMIC_NO_PIC = NO;
				GCC_NO_COMMON_BLOCKS = YES;
				GCC_OPTIMIZATION_LEVEL = 0;
				GCC_PREPROCESSOR_DEFINITIONS = (
					"DEBUG=1",
					"$(inherited)",
				);
				GCC_WARN_64_TO_32_BIT_CONVERSION = YES;
				GCC_WARN_ABOUT_RETURN_TYPE = YES_ERROR;
				GCC_WARN_UNDECLARED_SELECTOR = YES;
				GCC_WARN_UNINITIALIZED_AUTOS = YES_AGGRESSIVE;
				GCC_WARN_UNUSED_FUNCTION = YES;
				GCC_WARN_UNUSED_VARIABLE = YES;
				IPHONEOS_DEPLOYMENT_TARGET = 11.0;
				MTL_ENABLE_DEBUG_INFO = YES;
				ONLY_ACTIVE_ARCH = YES;
				SDKROOT = iphoneos;
				SWIFT_ACTIVE_COMPILATION_CONDITIONS = DEBUG;
				SWIFT_OPTIMIZATION_LEVEL = "-Onone";
				VERSIONING_SYSTEM = "apple-generic";
				VERSION_INFO_PREFIX = "";
			};
			name = Debug;
		};
		980D25741F99D94100AC51A9 /* Release */ = {
			isa = XCBuildConfiguration;
			buildSettings = {
				ALWAYS_SEARCH_USER_PATHS = NO;
				CLANG_ANALYZER_NONNULL = YES;
				CLANG_ANALYZER_NUMBER_OBJECT_CONVERSION = YES_AGGRESSIVE;
				CLANG_CXX_LANGUAGE_STANDARD = "gnu++14";
				CLANG_CXX_LIBRARY = "libc++";
				CLANG_ENABLE_MODULES = YES;
				CLANG_ENABLE_OBJC_ARC = YES;
				CLANG_WARN_BLOCK_CAPTURE_AUTORELEASING = YES;
				CLANG_WARN_BOOL_CONVERSION = YES;
				CLANG_WARN_COMMA = YES;
				CLANG_WARN_CONSTANT_CONVERSION = YES;
				CLANG_WARN_DIRECT_OBJC_ISA_USAGE = YES_ERROR;
				CLANG_WARN_DOCUMENTATION_COMMENTS = YES;
				CLANG_WARN_EMPTY_BODY = YES;
				CLANG_WARN_ENUM_CONVERSION = YES;
				CLANG_WARN_INFINITE_RECURSION = YES;
				CLANG_WARN_INT_CONVERSION = YES;
				CLANG_WARN_NON_LITERAL_NULL_CONVERSION = YES;
				CLANG_WARN_OBJC_LITERAL_CONVERSION = YES;
				CLANG_WARN_OBJC_ROOT_CLASS = YES_ERROR;
				CLANG_WARN_RANGE_LOOP_ANALYSIS = YES;
				CLANG_WARN_STRICT_PROTOTYPES = YES;
				CLANG_WARN_SUSPICIOUS_MOVE = YES;
				CLANG_WARN_UNGUARDED_AVAILABILITY = YES_AGGRESSIVE;
				CLANG_WARN_UNREACHABLE_CODE = YES;
				CLANG_WARN__DUPLICATE_METHOD_MATCH = YES;
				CODE_SIGN_IDENTITY = "iPhone Developer";
				COPY_PHASE_STRIP = NO;
				CURRENT_PROJECT_VERSION = 1;
				DEBUG_INFORMATION_FORMAT = "dwarf-with-dsym";
				ENABLE_NS_ASSERTIONS = NO;
				ENABLE_STRICT_OBJC_MSGSEND = YES;
				GCC_C_LANGUAGE_STANDARD = gnu11;
				GCC_NO_COMMON_BLOCKS = YES;
				GCC_WARN_64_TO_32_BIT_CONVERSION = YES;
				GCC_WARN_ABOUT_RETURN_TYPE = YES_ERROR;
				GCC_WARN_UNDECLARED_SELECTOR = YES;
				GCC_WARN_UNINITIALIZED_AUTOS = YES_AGGRESSIVE;
				GCC_WARN_UNUSED_FUNCTION = YES;
				GCC_WARN_UNUSED_VARIABLE = YES;
				IPHONEOS_DEPLOYMENT_TARGET = 11.0;
				MTL_ENABLE_DEBUG_INFO = NO;
				SDKROOT = iphoneos;
				SWIFT_OPTIMIZATION_LEVEL = "-Owholemodule";
				VALIDATE_PRODUCT = YES;
				VERSIONING_SYSTEM = "apple-generic";
				VERSION_INFO_PREFIX = "";
			};
			name = Release;
		};
		980D25761F99D94100AC51A9 /* Debug */ = {
			isa = XCBuildConfiguration;
			buildSettings = {
				ALWAYS_EMBED_SWIFT_STANDARD_LIBRARIES = YES;
				CODE_SIGN_IDENTITY = "";
				CODE_SIGN_STYLE = Automatic;
				DEFINES_MODULE = YES;
				DYLIB_COMPATIBILITY_VERSION = 1;
				DYLIB_CURRENT_VERSION = 1;
				DYLIB_INSTALL_NAME_BASE = "@rpath";
				INFOPLIST_FILE = "F53OSC Framework/Info.plist";
				INSTALL_PATH = "$(LOCAL_LIBRARY_DIR)/Frameworks";
				IPHONEOS_DEPLOYMENT_TARGET = 8.4;
				LD_RUNPATH_SEARCH_PATHS = "$(inherited) @executable_path/Frameworks @loader_path/Frameworks";
				PRODUCT_BUNDLE_IDENTIFIER = "-.F53OSC-Framework";
				PRODUCT_NAME = "$(TARGET_NAME:c99extidentifier)";
				SKIP_INSTALL = YES;
				SWIFT_VERSION = 4.0;
				TARGETED_DEVICE_FAMILY = "1,2";
			};
			name = Debug;
		};
		980D25771F99D94100AC51A9 /* Release */ = {
			isa = XCBuildConfiguration;
			buildSettings = {
				ALWAYS_EMBED_SWIFT_STANDARD_LIBRARIES = YES;
				CODE_SIGN_IDENTITY = "";
				CODE_SIGN_STYLE = Automatic;
				DEFINES_MODULE = YES;
				DYLIB_COMPATIBILITY_VERSION = 1;
				DYLIB_CURRENT_VERSION = 1;
				DYLIB_INSTALL_NAME_BASE = "@rpath";
				INFOPLIST_FILE = "F53OSC Framework/Info.plist";
				INSTALL_PATH = "$(LOCAL_LIBRARY_DIR)/Frameworks";
				IPHONEOS_DEPLOYMENT_TARGET = 8.4;
				LD_RUNPATH_SEARCH_PATHS = "$(inherited) @executable_path/Frameworks @loader_path/Frameworks";
				PRODUCT_BUNDLE_IDENTIFIER = "-.F53OSC-Framework";
				PRODUCT_NAME = "$(TARGET_NAME:c99extidentifier)";
				SKIP_INSTALL = YES;
				SWIFT_VERSION = 4.0;
				TARGETED_DEVICE_FAMILY = "1,2";
			};
			name = Release;
		};
/* End XCBuildConfiguration section */

/* Begin XCConfigurationList section */
		980D25671F99D94100AC51A9 /* Build configuration list for PBXProject "F53OSC Framework" */ = {
			isa = XCConfigurationList;
			buildConfigurations = (
				980D25731F99D94100AC51A9 /* Debug */,
				980D25741F99D94100AC51A9 /* Release */,
			);
			defaultConfigurationIsVisible = 0;
			defaultConfigurationName = Release;
		};
		980D25751F99D94100AC51A9 /* Build configuration list for PBXNativeTarget "F53OSC" */ = {
			isa = XCConfigurationList;
			buildConfigurations = (
				980D25761F99D94100AC51A9 /* Debug */,
				980D25771F99D94100AC51A9 /* Release */,
			);
			defaultConfigurationIsVisible = 0;
			defaultConfigurationName = Release;
		};
/* End XCConfigurationList section */
	};
	rootObject = 980D25641F99D94100AC51A9 /* Project object */;
}
